
Microsoft Visual Studio Solution File, Format Version 12.00
# Visual Studio Version 17
VisualStudioVersion = 17.14.36310.24 d17.14
MinimumVisualStudioVersion = 10.0.40219.1
Project("{FAE04EC0-301F-11D3-BF4B-00C04F79EFBC}") = "Assesment", "Assesment\Assesment.csproj", "{3F3A124F-600D-40EF-88D8-613293CC7546}"
EndProject
Global
	GlobalSection(SolutionConfigurationPlatforms) = preSolution
		Debug|Any CPU = Debug|Any CPU
		Release|Any CPU = Release|Any CPU
	EndGlobalSection
	GlobalSection(ProjectConfigurationPlatforms) = postSolution
		{3F3A124F-600D-40EF-88D8-613293CC7546}.Debug|Any CPU.ActiveCfg = Debug|Any CPU
		{3F3A124F-600D-40EF-88D8-613293CC7546}.Debug|Any CPU.Build.0 = Debug|Any CPU
		{3F3A124F-600D-40EF-88D8-613293CC7546}.Release|Any CPU.ActiveCfg = Release|Any CPU
		{3F3A124F-600D-40EF-88D8-613293CC7546}.Release|Any CPU.Build.0 = Release|Any CPU
	EndGlobalSection
	GlobalSection(SolutionProperties) = preSolution
		HideSolutionNode = FALSE
	EndGlobalSection
	GlobalSection(ExtensibilityGlobals) = postSolution
		SolutionGuid = {04C146F2-4F38-427E-985F-5CCB656CDB1A}
	EndGlobalSection
EndGlobal
